// !$*UTF8*$!
{
	archiveVersion = 1;
	classes = {
	};
	objectVersion = 46;
	objects = {

/* Begin PBXBuildFile section */
		110133B81D65953A0012E47A /* AppDelegate.swift in Sources */ = {isa = PBXBuildFile; fileRef = 110133B71D65953A0012E47A /* AppDelegate.swift */; };
		110133BA1D65953A0012E47A /* LoginViewController.swift in Sources */ = {isa = PBXBuildFile; fileRef = 110133B91D65953A0012E47A /* LoginViewController.swift */; };
		110133BD1D65953A0012E47A /* Main.storyboard in Resources */ = {isa = PBXBuildFile; fileRef = 110133BB1D65953A0012E47A /* Main.storyboard */; };
		110133BF1D65953A0012E47A /* Assets.xcassets in Resources */ = {isa = PBXBuildFile; fileRef = 110133BE1D65953A0012E47A /* Assets.xcassets */; };
		110133C21D65953A0012E47A /* LaunchScreen.storyboard in Resources */ = {isa = PBXBuildFile; fileRef = 110133C01D65953A0012E47A /* LaunchScreen.storyboard */; };
		110133CC1D6595950012E47A /* YoutubeFloatingViewController.swift in Sources */ = {isa = PBXBuildFile; fileRef = 110133CB1D6595950012E47A /* YoutubeFloatingViewController.swift */; };
		116279D21D66CEA2003F2AC3 /* FloatingAnimator.swift in Sources */ = {isa = PBXBuildFile; fileRef = 116279D11D66CEA2003F2AC3 /* FloatingAnimator.swift */; };
/* End PBXBuildFile section */

/* Begin PBXFileReference section */
		110133B41D65953A0012E47A /* YoutubeFloatingVideo.app */ = {isa = PBXFileReference; explicitFileType = wrapper.application; includeInIndex = 0; path = YoutubeFloatingVideo.app; sourceTree = BUILT_PRODUCTS_DIR; };
		110133B71D65953A0012E47A /* AppDelegate.swift */ = {isa = PBXFileReference; lastKnownFileType = sourcecode.swift; path = AppDelegate.swift; sourceTree = "<group>"; };
		110133B91D65953A0012E47A /* LoginViewController.swift */ = {isa = PBXFileReference; lastKnownFileType = sourcecode.swift; name = LoginViewController.swift; path = ../LoginViewController.swift; sourceTree = "<group>"; };
		110133BC1D65953A0012E47A /* Base */ = {isa = PBXFileReference; lastKnownFileType = file.storyboard; name = Base; path = Base.lproj/Main.storyboard; sourceTree = "<group>"; };
		110133BE1D65953A0012E47A /* Assets.xcassets */ = {isa = PBXFileReference; lastKnownFileType = folder.assetcatalog; path = Assets.xcassets; sourceTree = "<group>"; };
		110133C11D65953A0012E47A /* Base */ = {isa = PBXFileReference; lastKnownFileType = file.storyboard; name = Base; path = Base.lproj/LaunchScreen.storyboard; sourceTree = "<group>"; };
		110133C31D65953A0012E47A /* Info.plist */ = {isa = PBXFileReference; lastKnownFileType = text.plist.xml; path = Info.plist; sourceTree = "<group>"; };
		110133CB1D6595950012E47A /* YoutubeFloatingViewController.swift */ = {isa = PBXFileReference; fileEncoding = 4; lastKnownFileType = sourcecode.swift; path = YoutubeFloatingViewController.swift; sourceTree = "<group>"; };
		116279D11D66CEA2003F2AC3 /* FloatingAnimator.swift */ = {isa = PBXFileReference; fileEncoding = 4; lastKnownFileType = sourcecode.swift; path = FloatingAnimator.swift; sourceTree = "<group>"; };
/* End PBXFileReference section */

/* Begin PBXFrameworksBuildPhase section */
		110133B11D65953A0012E47A /* Frameworks */ = {
			isa = PBXFrameworksBuildPhase;
			buildActionMask = 2147483647;
			files = (
			);
			runOnlyForDeploymentPostprocessing = 0;
		};
/* End PBXFrameworksBuildPhase section */

/* Begin PBXGroup section */
		110133AB1D65953A0012E47A = {
			isa = PBXGroup;
			children = (
				110133B61D65953A0012E47A /* YoutubeFloatingVideo */,
				110133B51D65953A0012E47A /* Products */,
			);
			sourceTree = "<group>";
		};
		110133B51D65953A0012E47A /* Products */ = {
			isa = PBXGroup;
			children = (
				110133B41D65953A0012E47A /* YoutubeFloatingVideo.app */,
			);
			name = Products;
			sourceTree = "<group>";
		};
		110133B61D65953A0012E47A /* YoutubeFloatingVideo */ = {
			isa = PBXGroup;
			children = (
				110133CA1D65955D0012E47A /* ViewControllers */,
				110133C91D65954F0012E47A /* Models */,
				110133B71D65953A0012E47A /* AppDelegate.swift */,
				116279D11D66CEA2003F2AC3 /* FloatingAnimator.swift */,
				110133BB1D65953A0012E47A /* Main.storyboard */,
				110133BE1D65953A0012E47A /* Assets.xcassets */,
				110133C01D65953A0012E47A /* LaunchScreen.storyboard */,
				110133C31D65953A0012E47A /* Info.plist */,
			);
			path = YoutubeFloatingVideo;
			sourceTree = "<group>";
		};
		110133C91D65954F0012E47A /* Models */ = {
			isa = PBXGroup;
			children = (
			);
			path = Models;
			sourceTree = "<group>";
		};
		110133CA1D65955D0012E47A /* ViewControllers */ = {
			isa = PBXGroup;
			children = (
				110133B91D65953A0012E47A /* LoginViewController.swift */,
				110133CB1D6595950012E47A /* YoutubeFloatingViewController.swift */,
			);
			path = ViewControllers;
			sourceTree = "<group>";
		};
/* End PBXGroup section */

/* Begin PBXNativeTarget section */
		110133B31D65953A0012E47A /* YoutubeFloatingVideo */ = {
			isa = PBXNativeTarget;
			buildConfigurationList = 110133C61D65953A0012E47A /* Build configuration list for PBXNativeTarget "YoutubeFloatingVideo" */;
			buildPhases = (
				110133B01D65953A0012E47A /* Sources */,
				110133B11D65953A0012E47A /* Frameworks */,
				110133B21D65953A0012E47A /* Resources */,
			);
			buildRules = (
			);
			dependencies = (
			);
			name = YoutubeFloatingVideo;
			productName = YoutubeFloatingVideo;
			productReference = 110133B41D65953A0012E47A /* YoutubeFloatingVideo.app */;
			productType = "com.apple.product-type.application";
		};
/* End PBXNativeTarget section */

/* Begin PBXProject section */
		110133AC1D65953A0012E47A /* Project object */ = {
			isa = PBXProject;
			attributes = {
				LastSwiftUpdateCheck = 0730;
				LastUpgradeCheck = 0730;
				ORGANIZATIONNAME = YML;
				TargetAttributes = {
					110133B31D65953A0012E47A = {
						CreatedOnToolsVersion = 7.3;
					};
				};
			};
			buildConfigurationList = 110133AF1D65953A0012E47A /* Build configuration list for PBXProject "YoutubeFloatingVideo" */;
			compatibilityVersion = "Xcode 3.2";
			developmentRegion = English;
			hasScannedForEncodings = 0;
			knownRegions = (
				en,
				Base,
			);
			mainGroup = 110133AB1D65953A0012E47A;
			productRefGroup = 110133B51D65953A0012E47A /* Products */;
			projectDirPath = "";
			projectRoot = "";
			targets = (
				110133B31D65953A0012E47A /* YoutubeFloatingVideo */,
			);
		};
/* End PBXProject section */

/* Begin PBXResourcesBuildPhase section */
		110133B21D65953A0012E47A /* Resources */ = {
			isa = PBXResourcesBuildPhase;
			buildActionMask = 2147483647;
			files = (
				110133C21D65953A0012E47A /* LaunchScreen.storyboard in Resources */,
				110133BF1D65953A0012E47A /* Assets.xcassets in Resources */,
				110133BD1D65953A0012E47A /* Main.storyboard in Resources */,
			);
			runOnlyForDeploymentPostprocessing = 0;
		};
/* End PBXResourcesBuildPhase section */

/* Begin PBXSourcesBuildPhase section */
		110133B01D65953A0012E47A /* Sources */ = {
			isa = PBXSourcesBuildPhase;
			buildActionMask = 2147483647;
			files = (
				116279D21D66CEA2003F2AC3 /* FloatingAnimator.swift in Sources */,
				110133CC1D6595950012E47A /* YoutubeFloatingViewController.swift in Sources */,
				110133BA1D65953A0012E47A /* LoginViewController.swift in Sources */,
				110133B81D65953A0012E47A /* AppDelegate.swift in Sources */,
			);
			runOnlyForDeploymentPostprocessing = 0;
		};
/* End PBXSourcesBuildPhase section */

/* Begin PBXVariantGroup section */
		110133BB1D65953A0012E47A /* Main.storyboard */ = {
			isa = PBXVariantGroup;
			children = (
				110133BC1D65953A0012E47A /* Base */,
			);
			name = Main.storyboard;
			sourceTree = "<group>";
		};
		110133C01D65953A0012E47A /* LaunchScreen.storyboard */ = {
			isa = PBXVariantGroup;
			children = (
				110133C11D65953A0012E47A /* Base */,
			);
			name = LaunchScreen.storyboard;
			sourceTree = "<group>";
		};
/* End PBXVariantGroup section */

/* Begin XCBuildConfiguration section */
		110133C41D65953A0012E47A /* Debug */ = {
			isa = XCBuildConfiguration;
			buildSettings = {
				ALWAYS_SEARCH_USER_PATHS = NO;
				CLANG_ANALYZER_NONNULL = YES;
				CLANG_CXX_LANGUAGE_STANDARD = "gnu++0x";
				CLANG_CXX_LIBRARY = "libc++";
				CLANG_ENABLE_MODULES = YES;
				CLANG_ENABLE_OBJC_ARC = YES;
				CLANG_WARN_BOOL_CONVERSION = YES;
				CLANG_WARN_CONSTANT_CONVERSION = YES;
				CLANG_WARN_DIRECT_OBJC_ISA_USAGE = YES_ERROR;
				CLANG_WARN_EMPTY_BODY = YES;
				CLANG_WARN_ENUM_CONVERSION = YES;
				CLANG_WARN_INT_CONVERSION = YES;
				CLANG_WARN_OBJC_ROOT_CLASS = YES_ERROR;
				CLANG_WARN_UNREACHABLE_CODE = YES;
				CLANG_WARN__DUPLICATE_METHOD_MATCH = YES;
				"CODE_SIGN_IDENTITY[sdk=iphoneos*]" = "iPhone Developer";
				COPY_PHASE_STRIP = NO;
				DEBUG_INFORMATION_FORMAT = dwarf;
				ENABLE_STRICT_OBJC_MSGSEND = YES;
				ENABLE_TESTABILITY = YES;
				GCC_C_LANGUAGE_STANDARD = gnu99;
				GCC_DYNAMIC_NO_PIC = NO;
				GCC_NO_COMMON_BLOCKS = YES;
				GCC_OPTIMIZATION_LEVEL = 0;
				GCC_PREPROCESSOR_DEFINITIONS = (
					"DEBUG=1",
					"$(inherited)",
				);
				GCC_WARN_64_TO_32_BIT_CONVERSION = YES;
				GCC_WARN_ABOUT_RETURN_TYPE = YES_ERROR;
				GCC_WARN_UNDECLARED_SELECTOR = YES;
				GCC_WARN_UNINITIALIZED_AUTOS = YES_AGGRESSIVE;
				GCC_WARN_UNUSED_FUNCTION = YES;
				GCC_WARN_UNUSED_VARIABLE = YES;
				IPHONEOS_DEPLOYMENT_TARGET = 9.3;
				MTL_ENABLE_DEBUG_INFO = YES;
				ONLY_ACTIVE_ARCH = YES;
				SDKROOT = iphoneos;
				SWIFT_OPTIMIZATION_LEVEL = "-Onone";
				TARGETED_DEVICE_FAMILY = "1,2";
			};
			name = Debug;
		};
		110133C51D65953A0012E47A /* Release */ = {
			isa = XCBuildConfiguration;
			buildSettings = {
				ALWAYS_SEARCH_USER_PATHS = NO;
				CLANG_ANALYZER_NONNULL = YES;
				CLANG_CXX_LANGUAGE_STANDARD = "gnu++0x";
				CLANG_CXX_LIBRARY = "libc++";
				CLANG_ENABLE_MODULES = YES;
				CLANG_ENABLE_OBJC_ARC = YES;
				CLANG_WARN_BOOL_CONVERSION = YES;
				CLANG_WARN_CONSTANT_CONVERSION = YES;
				CLANG_WARN_DIRECT_OBJC_ISA_USAGE = YES_ERROR;
				CLANG_WARN_EMPTY_BODY = YES;
				CLANG_WARN_ENUM_CONVERSION = YES;
				CLANG_WARN_INT_CONVERSION = YES;
				CLANG_WARN_OBJC_ROOT_CLASS = YES_ERROR;
				CLANG_WARN_UNREACHABLE_CODE = YES;
				CLANG_WARN__DUPLICATE_METHOD_MATCH = YES;
				"CODE_SIGN_IDENTITY[sdk=iphoneos*]" = "iPhone Developer";
				COPY_PHASE_STRIP = NO;
				DEBUG_INFORMATION_FORMAT = "dwarf-with-dsym";
				ENABLE_NS_ASSERTIONS = NO;
				ENABLE_STRICT_OBJC_MSGSEND = YES;
				GCC_C_LANGUAGE_STANDARD = gnu99;
				GCC_NO_COMMON_BLOCKS = YES;
				GCC_WARN_64_TO_32_BIT_CONVERSION = YES;
				GCC_WARN_ABOUT_RETURN_TYPE = YES_ERROR;
				GCC_WARN_UNDECLARED_SELECTOR = YES;
				GCC_WARN_UNINITIALIZED_AUTOS = YES_AGGRESSIVE;
				GCC_WARN_UNUSED_FUNCTION = YES;
				GCC_WARN_UNUSED_VARIABLE = YES;
				IPHONEOS_DEPLOYMENT_TARGET = 9.3;
				MTL_ENABLE_DEBUG_INFO = NO;
				SDKROOT = iphoneos;
				TARGETED_DEVICE_FAMILY = "1,2";
				VALIDATE_PRODUCT = YES;
			};
			name = Release;
		};
		110133C71D65953A0012E47A /* Debug */ = {
			isa = XCBuildConfiguration;
			buildSettings = {
				ASSETCATALOG_COMPILER_APPICON_NAME = AppIcon;
				INFOPLIST_FILE = YoutubeFloatingVideo/Info.plist;
				LD_RUNPATH_SEARCH_PATHS = "$(inherited) @executable_path/Frameworks";
				PRODUCT_BUNDLE_IDENTIFIER = YML0158.YoutubeFloatingVideo;
				PRODUCT_NAME = "$(TARGET_NAME)";
			};
			name = Debug;
		};
		110133C81D65953A0012E47A /* Release */ = {
			isa = XCBuildConfiguration;
			buildSettings = {
				ASSETCATALOG_COMPILER_APPICON_NAME = AppIcon;
				INFOPLIST_FILE = YoutubeFloatingVideo/Info.plist;
				LD_RUNPATH_SEARCH_PATHS = "$(inherited) @executable_path/Frameworks";
				PRODUCT_BUNDLE_IDENTIFIER = YML0158.YoutubeFloatingVideo;
				PRODUCT_NAME = "$(TARGET_NAME)";
			};
			name = Release;
		};
/* End XCBuildConfiguration section */

/* Begin XCConfigurationList section */
		110133AF1D65953A0012E47A /* Build configuration list for PBXProject "YoutubeFloatingVideo" */ = {
			isa = XCConfigurationList;
			buildConfigurations = (
				110133C41D65953A0012E47A /* Debug */,
				110133C51D65953A0012E47A /* Release */,
			);
			defaultConfigurationIsVisible = 0;
			defaultConfigurationName = Release;
		};
		110133C61D65953A0012E47A /* Build configuration list for PBXNativeTarget "YoutubeFloatingVideo" */ = {
			isa = XCConfigurationList;
			buildConfigurations = (
				110133C71D65953A0012E47A /* Debug */,
				110133C81D65953A0012E47A /* Release */,
			);
			defaultConfigurationIsVisible = 0;
			defaultConfigurationName = Release;
		};
/* End XCConfigurationList section */
	};
	rootObject = 110133AC1D65953A0012E47A /* Project object */;
}
